{
  "object": {
    "pins": [
      {
        "package": "Braintree",
        "repositoryURL": "https://github.com/danielctull-forks/braintree_ios",
        "state": {
          "branch": "master",
          "revision": "d1130df53140b84c2cc35ba52a2183c38ea291ef",
          "version": null
        }
      }
    ]
  },
  "version": 1
}
